
Microsoft Visual Studio Solution File, Format Version 12.00
# Visual Studio Version 17
VisualStudioVersion = 17.1.32210.238
MinimumVisualStudioVersion = 10.0.40219.1
Project("{FAE04EC0-301F-11D3-BF4B-00C04F79EFBC}") = "PizzaOrderApp", "PizzaOrderApp\PizzaOrderApp.csproj", "{7EA6DD8A-C938-4806-B7AA-6E16C4884A56}"
EndProject
Global
	GlobalSection(SolutionConfigurationPlatforms) = preSolution
		Debug|Any CPU = Debug|Any CPU
		Release|Any CPU = Release|Any CPU
	EndGlobalSection
	GlobalSection(ProjectConfigurationPlatforms) = postSolution
		{7EA6DD8A-C938-4806-B7AA-6E16C4884A56}.Debug|Any CPU.ActiveCfg = Debug|Any CPU
		{7EA6DD8A-C938-4806-B7AA-6E16C4884A56}.Debug|Any CPU.Build.0 = Debug|Any CPU
		{7EA6DD8A-C938-4806-B7AA-6E16C4884A56}.Release|Any CPU.ActiveCfg = Release|Any CPU
		{7EA6DD8A-C938-4806-B7AA-6E16C4884A56}.Release|Any CPU.Build.0 = Release|Any CPU
	EndGlobalSection
	GlobalSection(SolutionProperties) = preSolution
		HideSolutionNode = FALSE
	EndGlobalSection
	GlobalSection(ExtensibilityGlobals) = postSolution
		SolutionGuid = {7C413A9B-83D1-46D0-A4CB-2200C773348F}
	EndGlobalSection
EndGlobal
